
Microsoft Visual Studio Solution File, Format Version 12.00
# Visual Studio 14
VisualStudioVersion = 14.0.23107.0
MinimumVisualStudioVersion = 10.0.40219.1
Project("{FAE04EC0-301F-11D3-BF4B-00C04F79EFBC}") = "game_doz", "game_doz\game_doz.csproj", "{C5CD980D-DAB9-468D-8BA6-9D11B639BD54}"
EndProject
Global
	GlobalSection(SolutionConfigurationPlatforms) = preSolution
		Debug|Any CPU = Debug|Any CPU
		Release|Any CPU = Release|Any CPU
	EndGlobalSection
	GlobalSection(ProjectConfigurationPlatforms) = postSolution
		{C5CD980D-DAB9-468D-8BA6-9D11B639BD54}.Debug|Any CPU.ActiveCfg = Debug|Any CPU
		{C5CD980D-DAB9-468D-8BA6-9D11B639BD54}.Debug|Any CPU.Build.0 = Debug|Any CPU
		{C5CD980D-DAB9-468D-8BA6-9D11B639BD54}.Release|Any CPU.ActiveCfg = Release|Any CPU
		{C5CD980D-DAB9-468D-8BA6-9D11B639BD54}.Release|Any CPU.Build.0 = Release|Any CPU
	EndGlobalSection
	GlobalSection(SolutionProperties) = preSolution
		HideSolutionNode = FALSE
	EndGlobalSection
EndGlobal
